// !$*UTF8*$!
{
	archiveVersion = 1;
	classes = {
	};
	objectVersion = 56;
	objects = {

/* Begin PBXBuildFile section */
		70471DFF2AF3F7A500DE800F /* LevelView.swift in Sources */ = {isa = PBXBuildFile; fileRef = 70471DFE2AF3F7A500DE800F /* LevelView.swift */; };
		70780E872AF331B50067BDEE /* StrokeListView.swift in Sources */ = {isa = PBXBuildFile; fileRef = 70780E862AF331B50067BDEE /* StrokeListView.swift */; };
		70780E892AF331D30067BDEE /* CharacterListView.swift in Sources */ = {isa = PBXBuildFile; fileRef = 70780E882AF331D30067BDEE /* CharacterListView.swift */; };
		70780E912AF33ADB0067BDEE /* MenuView.swift in Sources */ = {isa = PBXBuildFile; fileRef = 70780E902AF33ADB0067BDEE /* MenuView.swift */; };
		709460142AFACDDE006AF4FE /* ViewModel.swift in Sources */ = {isa = PBXBuildFile; fileRef = 709460132AFACDDE006AF4FE /* ViewModel.swift */; };
		864D94C82AD99D8100F76C79 /* maobiApp.swift in Sources */ = {isa = PBXBuildFile; fileRef = 864D94C72AD99D8100F76C79 /* maobiApp.swift */; };
		864D94CC2AD99D8300F76C79 /* Assets.xcassets in Resources */ = {isa = PBXBuildFile; fileRef = 864D94CB2AD99D8300F76C79 /* Assets.xcassets */; };
		864D94CF2AD99D8300F76C79 /* Preview Assets.xcassets in Resources */ = {isa = PBXBuildFile; fileRef = 864D94CE2AD99D8300F76C79 /* Preview Assets.xcassets */; };
		864D94D12AD99D8300F76C79 /* Persistence.swift in Sources */ = {isa = PBXBuildFile; fileRef = 864D94D02AD99D8300F76C79 /* Persistence.swift */; };
		864D94D42AD99D8300F76C79 /* maobi.xcdatamodeld in Sources */ = {isa = PBXBuildFile; fileRef = 864D94D22AD99D8300F76C79 /* maobi.xcdatamodeld */; };
		864D94DC2AD9A9C700F76C79 /* SVGPath in Frameworks */ = {isa = PBXBuildFile; productRef = 864D94DB2AD9A9C700F76C79 /* SVGPath */; };
		864D94E22AD9ACCF00F76C79 /* Character.swift in Sources */ = {isa = PBXBuildFile; fileRef = 864D94E12AD9ACCF00F76C79 /* Character.swift */; };
		86712D9C2B0E29AB00949161 /* CreateAccountView.swift in Sources */ = {isa = PBXBuildFile; fileRef = 86712D9B2B0E29AB00949161 /* CreateAccountView.swift */; };
		86DC80E22AFEF53200D61940 /* Feedback.swift in Sources */ = {isa = PBXBuildFile; fileRef = 86DC80E12AFEF53200D61940 /* Feedback.swift */; };
		86DC80E42AFEF55400D61940 /* FeedbackGraphicsView.swift in Sources */ = {isa = PBXBuildFile; fileRef = 86DC80E32AFEF55400D61940 /* FeedbackGraphicsView.swift */; };
		86DC80E62AFF310400D61940 /* AlignPhotoView.swift in Sources */ = {isa = PBXBuildFile; fileRef = 86DC80E52AFF310400D61940 /* AlignPhotoView.swift */; };
		86DC80E82AFFF5AE00D61940 /* Contours.swift in Sources */ = {isa = PBXBuildFile; fileRef = 86DC80E72AFFF5AE00D61940 /* Contours.swift */; };
		86DC80EA2AFFF62B00D61940 /* Perspective.swift in Sources */ = {isa = PBXBuildFile; fileRef = 86DC80E92AFFF62B00D61940 /* Perspective.swift */; };
		86DC80F82B00557B00D61940 /* GoogleService-Info.plist in Resources */ = {isa = PBXBuildFile; fileRef = 86DC80F72B00557B00D61940 /* GoogleService-Info.plist */; };
		86DC80FE2B013C7600D61940 /* TutorialView.swift in Sources */ = {isa = PBXBuildFile; fileRef = 86DC80FD2B013C7600D61940 /* TutorialView.swift */; };
		86DC813C2B040B6600D61940 /* TopBarView.swift in Sources */ = {isa = PBXBuildFile; fileRef = 86DC813B2B040B6600D61940 /* TopBarView.swift */; };
		86DC813F2B053D0B00D61940 /* TutorialBackgroundView.swift in Sources */ = {isa = PBXBuildFile; fileRef = 86DC813E2B053D0B00D61940 /* TutorialBackgroundView.swift */; };
		86DC81412B05787900D61940 /* NavigationView.swift in Sources */ = {isa = PBXBuildFile; fileRef = 86DC81402B05787900D61940 /* NavigationView.swift */; };
		86DC81432B057A2400D61940 /* OnboardingView.swift in Sources */ = {isa = PBXBuildFile; fileRef = 86DC81422B057A2400D61940 /* OnboardingView.swift */; };
		86DC81452B057D2D00D61940 /* LoginView.swift in Sources */ = {isa = PBXBuildFile; fileRef = 86DC81442B057D2D00D61940 /* LoginView.swift */; };
		86E231912AD9B78D00785AEC /* graphics_subset.txt in Resources */ = {isa = PBXBuildFile; fileRef = 86E231902AD9B78D00785AEC /* graphics_subset.txt */; };
		86E231942AD9E17300785AEC /* SwiftSVG in Frameworks */ = {isa = PBXBuildFile; productRef = 86E231932AD9E17300785AEC /* SwiftSVG */; };
		86E231972AE5BABE00785AEC /* graphics_full.txt in Resources */ = {isa = PBXBuildFile; fileRef = 86E231952AE5BABE00785AEC /* graphics_full.txt */; };
		86E231982AE5BABE00785AEC /* dictionary_full.txt in Resources */ = {isa = PBXBuildFile; fileRef = 86E231962AE5BABE00785AEC /* dictionary_full.txt */; };
		86E2319C2AE5BC2300785AEC /* dictionary_subset.txt in Resources */ = {isa = PBXBuildFile; fileRef = 86E2319B2AE5BC2300785AEC /* dictionary_subset.txt */; };
		86E231A42AE5C5AC00785AEC /* 20022.svg in Resources */ = {isa = PBXBuildFile; fileRef = 86E2319F2AE5C5AC00785AEC /* 20022.svg */; };
		86E231A52AE5C5AC00785AEC /* 20031.svg in Resources */ = {isa = PBXBuildFile; fileRef = 86E231A02AE5C5AC00785AEC /* 20031.svg */; };
		86E231A62AE5C5AC00785AEC /* 19968.svg in Resources */ = {isa = PBXBuildFile; fileRef = 86E231A12AE5C5AC00785AEC /* 19968.svg */; };
		86E231A72AE5C5AC00785AEC /* 20101.svg in Resources */ = {isa = PBXBuildFile; fileRef = 86E231A22AE5C5AC00785AEC /* 20101.svg */; };
		86E231A82AE5C5AC00785AEC /* 20008.svg in Resources */ = {isa = PBXBuildFile; fileRef = 86E231A32AE5C5AC00785AEC /* 20008.svg */; };
		86E231B52AE6287D00785AEC /* HomeView.swift in Sources */ = {isa = PBXBuildFile; fileRef = 86E231B42AE6287D00785AEC /* HomeView.swift */; };
		86E231BB2AE9FA5B00785AEC /* User.swift in Sources */ = {isa = PBXBuildFile; fileRef = 86E231BA2AE9FA5B00785AEC /* User.swift */; };
		86E231BE2AE9FA9200785AEC /* FirebaseFirestore in Frameworks */ = {isa = PBXBuildFile; productRef = 86E231BD2AE9FA9200785AEC /* FirebaseFirestore */; };
		86E231C02AE9FA9200785AEC /* FirebaseFirestoreCombine-Community in Frameworks */ = {isa = PBXBuildFile; productRef = 86E231BF2AE9FA9200785AEC /* FirebaseFirestoreCombine-Community */; };
		86E231C22AE9FA9200785AEC /* FirebaseFirestoreSwift in Frameworks */ = {isa = PBXBuildFile; productRef = 86E231C12AE9FA9200785AEC /* FirebaseFirestoreSwift */; };
		86E231F92AF1D1FE00785AEC /* Camera.swift in Sources */ = {isa = PBXBuildFile; fileRef = 86E231F82AF1D1FE00785AEC /* Camera.swift */; };
		86E231FB2AF1E80900785AEC /* LevelView.swift in Sources */ = {isa = PBXBuildFile; fileRef = 86E231FA2AF1E80900785AEC /* LevelView.swift */; };
		86E231FD2AF20D7500785AEC /* LevelGraphicsView.swift in Sources */ = {isa = PBXBuildFile; fileRef = 86E231FC2AF20D7500785AEC /* LevelGraphicsView.swift */; };
		86E231FF2AF29EE400785AEC /* CameraView.swift in Sources */ = {isa = PBXBuildFile; fileRef = 86E231FE2AF29EE400785AEC /* CameraView.swift */; };
		86E232012AF2B09100785AEC /* FeedbackView.swift in Sources */ = {isa = PBXBuildFile; fileRef = 86E232002AF2B09100785AEC /* FeedbackView.swift */; };
		86E232082AF5B65F00785AEC /* TestNavView.swift in Sources */ = {isa = PBXBuildFile; fileRef = 86E232072AF5B65F00785AEC /* TestNavView.swift */; };
		8D34876F2AF5B5B2008186E0 /* FirebaseAnalytics in Frameworks */ = {isa = PBXBuildFile; productRef = 8D34876E2AF5B5B2008186E0 /* FirebaseAnalytics */; };
		8D3487712AF5B5B2008186E0 /* FirebaseAnalyticsOnDeviceConversion in Frameworks */ = {isa = PBXBuildFile; productRef = 8D3487702AF5B5B2008186E0 /* FirebaseAnalyticsOnDeviceConversion */; };
		8D3487732AF5B5B2008186E0 /* FirebaseAnalyticsSwift in Frameworks */ = {isa = PBXBuildFile; productRef = 8D3487722AF5B5B2008186E0 /* FirebaseAnalyticsSwift */; };
		8D3487752AF5B5B2008186E0 /* FirebaseAnalyticsWithoutAdIdSupport in Frameworks */ = {isa = PBXBuildFile; productRef = 8D3487742AF5B5B2008186E0 /* FirebaseAnalyticsWithoutAdIdSupport */; };
		8D3487772AF5B5B2008186E0 /* FirebaseAppCheck in Frameworks */ = {isa = PBXBuildFile; productRef = 8D3487762AF5B5B2008186E0 /* FirebaseAppCheck */; };
		8D52D5322B02596E000223BB /* FingerDraw.swift in Sources */ = {isa = PBXBuildFile; fileRef = 8D52D5312B02596E000223BB /* FingerDraw.swift */; };
		8D52D5342B02598F000223BB /* FingerDrawView.swift in Sources */ = {isa = PBXBuildFile; fileRef = 8D52D5332B02598F000223BB /* FingerDrawView.swift */; };
		8D52D5362B027381000223BB /* UserLevel.swift in Sources */ = {isa = PBXBuildFile; fileRef = 8D52D5352B027381000223BB /* UserLevel.swift */; };
/* End PBXBuildFile section */

/* Begin PBXFileReference section */
		70471DFE2AF3F7A500DE800F /* LevelView.swift */ = {isa = PBXFileReference; lastKnownFileType = sourcecode.swift; path = LevelView.swift; sourceTree = "<group>"; };
		70780E862AF331B50067BDEE /* StrokeListView.swift */ = {isa = PBXFileReference; lastKnownFileType = sourcecode.swift; path = StrokeListView.swift; sourceTree = "<group>"; };
		70780E882AF331D30067BDEE /* CharacterListView.swift */ = {isa = PBXFileReference; lastKnownFileType = sourcecode.swift; path = CharacterListView.swift; sourceTree = "<group>"; };
		70780E902AF33ADB0067BDEE /* MenuView.swift */ = {isa = PBXFileReference; lastKnownFileType = sourcecode.swift; path = MenuView.swift; sourceTree = "<group>"; };
		709460132AFACDDE006AF4FE /* ViewModel.swift */ = {isa = PBXFileReference; lastKnownFileType = sourcecode.swift; path = ViewModel.swift; sourceTree = "<group>"; };
		864D94C42AD99D8100F76C79 /* maobi.app */ = {isa = PBXFileReference; explicitFileType = wrapper.application; includeInIndex = 0; path = maobi.app; sourceTree = BUILT_PRODUCTS_DIR; };
		864D94C72AD99D8100F76C79 /* maobiApp.swift */ = {isa = PBXFileReference; lastKnownFileType = sourcecode.swift; path = maobiApp.swift; sourceTree = "<group>"; };
		864D94CB2AD99D8300F76C79 /* Assets.xcassets */ = {isa = PBXFileReference; lastKnownFileType = folder.assetcatalog; path = Assets.xcassets; sourceTree = "<group>"; };
		864D94CE2AD99D8300F76C79 /* Preview Assets.xcassets */ = {isa = PBXFileReference; lastKnownFileType = folder.assetcatalog; path = "Preview Assets.xcassets"; sourceTree = "<group>"; };
		864D94D02AD99D8300F76C79 /* Persistence.swift */ = {isa = PBXFileReference; lastKnownFileType = sourcecode.swift; path = Persistence.swift; sourceTree = "<group>"; };
		864D94D32AD99D8300F76C79 /* maobi.xcdatamodel */ = {isa = PBXFileReference; lastKnownFileType = wrapper.xcdatamodel; path = maobi.xcdatamodel; sourceTree = "<group>"; };
		864D94E12AD9ACCF00F76C79 /* Character.swift */ = {isa = PBXFileReference; lastKnownFileType = sourcecode.swift; path = Character.swift; sourceTree = "<group>"; };
		86712D9B2B0E29AB00949161 /* CreateAccountView.swift */ = {isa = PBXFileReference; lastKnownFileType = sourcecode.swift; path = CreateAccountView.swift; sourceTree = "<group>"; };
		86DC80E12AFEF53200D61940 /* Feedback.swift */ = {isa = PBXFileReference; lastKnownFileType = sourcecode.swift; path = Feedback.swift; sourceTree = "<group>"; };
		86DC80E32AFEF55400D61940 /* FeedbackGraphicsView.swift */ = {isa = PBXFileReference; lastKnownFileType = sourcecode.swift; path = FeedbackGraphicsView.swift; sourceTree = "<group>"; };
		86DC80E52AFF310400D61940 /* AlignPhotoView.swift */ = {isa = PBXFileReference; lastKnownFileType = sourcecode.swift; path = AlignPhotoView.swift; sourceTree = "<group>"; };
		86DC80E72AFFF5AE00D61940 /* Contours.swift */ = {isa = PBXFileReference; lastKnownFileType = sourcecode.swift; path = Contours.swift; sourceTree = "<group>"; };
		86DC80E92AFFF62B00D61940 /* Perspective.swift */ = {isa = PBXFileReference; lastKnownFileType = sourcecode.swift; path = Perspective.swift; sourceTree = "<group>"; };
		86DC80F72B00557B00D61940 /* GoogleService-Info.plist */ = {isa = PBXFileReference; fileEncoding = 4; lastKnownFileType = text.plist.xml; path = "GoogleService-Info.plist"; sourceTree = "<group>"; };
		86DC80FD2B013C7600D61940 /* TutorialView.swift */ = {isa = PBXFileReference; lastKnownFileType = sourcecode.swift; path = TutorialView.swift; sourceTree = "<group>"; };
		86DC813B2B040B6600D61940 /* TopBarView.swift */ = {isa = PBXFileReference; lastKnownFileType = sourcecode.swift; path = TopBarView.swift; sourceTree = "<group>"; };
		86DC813E2B053D0B00D61940 /* TutorialBackgroundView.swift */ = {isa = PBXFileReference; lastKnownFileType = sourcecode.swift; path = TutorialBackgroundView.swift; sourceTree = "<group>"; };
		86DC81402B05787900D61940 /* NavigationView.swift */ = {isa = PBXFileReference; lastKnownFileType = sourcecode.swift; path = NavigationView.swift; sourceTree = "<group>"; };
		86DC81422B057A2400D61940 /* OnboardingView.swift */ = {isa = PBXFileReference; lastKnownFileType = sourcecode.swift; path = OnboardingView.swift; sourceTree = "<group>"; };
		86DC81442B057D2D00D61940 /* LoginView.swift */ = {isa = PBXFileReference; lastKnownFileType = sourcecode.swift; path = LoginView.swift; sourceTree = "<group>"; };
		86E231902AD9B78D00785AEC /* graphics_subset.txt */ = {isa = PBXFileReference; fileEncoding = 4; lastKnownFileType = text; path = graphics_subset.txt; sourceTree = "<group>"; };
		86E231952AE5BABE00785AEC /* graphics_full.txt */ = {isa = PBXFileReference; fileEncoding = 4; lastKnownFileType = text; path = graphics_full.txt; sourceTree = "<group>"; };
		86E231962AE5BABE00785AEC /* dictionary_full.txt */ = {isa = PBXFileReference; fileEncoding = 4; lastKnownFileType = text; path = dictionary_full.txt; sourceTree = "<group>"; };
		86E2319B2AE5BC2300785AEC /* dictionary_subset.txt */ = {isa = PBXFileReference; fileEncoding = 4; lastKnownFileType = text; path = dictionary_subset.txt; sourceTree = "<group>"; };
		86E2319F2AE5C5AC00785AEC /* 20022.svg */ = {isa = PBXFileReference; fileEncoding = 4; lastKnownFileType = text; path = 20022.svg; sourceTree = "<group>"; };
		86E231A02AE5C5AC00785AEC /* 20031.svg */ = {isa = PBXFileReference; fileEncoding = 4; lastKnownFileType = text; path = 20031.svg; sourceTree = "<group>"; };
		86E231A12AE5C5AC00785AEC /* 19968.svg */ = {isa = PBXFileReference; fileEncoding = 4; lastKnownFileType = text; path = 19968.svg; sourceTree = "<group>"; };
		86E231A22AE5C5AC00785AEC /* 20101.svg */ = {isa = PBXFileReference; fileEncoding = 4; lastKnownFileType = text; path = 20101.svg; sourceTree = "<group>"; };
		86E231A32AE5C5AC00785AEC /* 20008.svg */ = {isa = PBXFileReference; fileEncoding = 4; lastKnownFileType = text; path = 20008.svg; sourceTree = "<group>"; };
		86E231B42AE6287D00785AEC /* HomeView.swift */ = {isa = PBXFileReference; lastKnownFileType = sourcecode.swift; path = HomeView.swift; sourceTree = "<group>"; };
		86E231BA2AE9FA5B00785AEC /* User.swift */ = {isa = PBXFileReference; lastKnownFileType = sourcecode.swift; path = User.swift; sourceTree = "<group>"; };
		86E231F82AF1D1FE00785AEC /* Camera.swift */ = {isa = PBXFileReference; lastKnownFileType = sourcecode.swift; path = Camera.swift; sourceTree = "<group>"; };
		86E231FA2AF1E80900785AEC /* LevelView.swift */ = {isa = PBXFileReference; lastKnownFileType = sourcecode.swift; path = LevelView.swift; sourceTree = "<group>"; };
		86E231FC2AF20D7500785AEC /* LevelGraphicsView.swift */ = {isa = PBXFileReference; lastKnownFileType = sourcecode.swift; path = LevelGraphicsView.swift; sourceTree = "<group>"; };
		86E231FE2AF29EE400785AEC /* CameraView.swift */ = {isa = PBXFileReference; lastKnownFileType = sourcecode.swift; path = CameraView.swift; sourceTree = "<group>"; };
		86E232002AF2B09100785AEC /* FeedbackView.swift */ = {isa = PBXFileReference; lastKnownFileType = sourcecode.swift; path = FeedbackView.swift; sourceTree = "<group>"; };
		86E232072AF5B65F00785AEC /* TestNavView.swift */ = {isa = PBXFileReference; lastKnownFileType = sourcecode.swift; path = TestNavView.swift; sourceTree = "<group>"; };
		8D52D5312B02596E000223BB /* FingerDraw.swift */ = {isa = PBXFileReference; lastKnownFileType = sourcecode.swift; path = FingerDraw.swift; sourceTree = "<group>"; };
		8D52D5332B02598F000223BB /* FingerDrawView.swift */ = {isa = PBXFileReference; lastKnownFileType = sourcecode.swift; path = FingerDrawView.swift; sourceTree = "<group>"; };
		8D52D5352B027381000223BB /* UserLevel.swift */ = {isa = PBXFileReference; lastKnownFileType = sourcecode.swift; path = UserLevel.swift; sourceTree = "<group>"; };
		8DDCA3022AF99F4D00FB181B /* FingerDraw.swift */ = {isa = PBXFileReference; lastKnownFileType = sourcecode.swift; path = FingerDraw.swift; sourceTree = "<group>"; };
		8DDCA3042AF99F8900FB181B /* FingerDrawView.swift */ = {isa = PBXFileReference; lastKnownFileType = sourcecode.swift; path = FingerDrawView.swift; sourceTree = "<group>"; };
/* End PBXFileReference section */

/* Begin PBXFrameworksBuildPhase section */
		864D94C12AD99D8100F76C79 /* Frameworks */ = {
			isa = PBXFrameworksBuildPhase;
			buildActionMask = 2147483647;
			files = (
				86E231C22AE9FA9200785AEC /* FirebaseFirestoreSwift in Frameworks */,
				864D94DC2AD9A9C700F76C79 /* SVGPath in Frameworks */,
				8D34876F2AF5B5B2008186E0 /* FirebaseAnalytics in Frameworks */,
				8D3487712AF5B5B2008186E0 /* FirebaseAnalyticsOnDeviceConversion in Frameworks */,
				8D3487732AF5B5B2008186E0 /* FirebaseAnalyticsSwift in Frameworks */,
				86E231C02AE9FA9200785AEC /* FirebaseFirestoreCombine-Community in Frameworks */,
				86E231942AD9E17300785AEC /* SwiftSVG in Frameworks */,
				8D3487752AF5B5B2008186E0 /* FirebaseAnalyticsWithoutAdIdSupport in Frameworks */,
				8D3487772AF5B5B2008186E0 /* FirebaseAppCheck in Frameworks */,
				86E231BE2AE9FA9200785AEC /* FirebaseFirestore in Frameworks */,
			);
			runOnlyForDeploymentPostprocessing = 0;
		};
/* End PBXFrameworksBuildPhase section */

/* Begin PBXGroup section */
		709460122AFACDCD006AF4FE /* ViewModels */ = {
			isa = PBXGroup;
			children = (
				709460132AFACDDE006AF4FE /* ViewModel.swift */,
			);
			path = ViewModels;
			sourceTree = "<group>";
		};
		864D94BB2AD99D8100F76C79 = {
			isa = PBXGroup;
			children = (
				864D94C62AD99D8100F76C79 /* maobi */,
				864D94C52AD99D8100F76C79 /* Products */,
				8D52D52B2B025713000223BB /* Recovered References */,
			);
			sourceTree = "<group>";
		};
		864D94C52AD99D8100F76C79 /* Products */ = {
			isa = PBXGroup;
			children = (
				864D94C42AD99D8100F76C79 /* maobi.app */,
			);
			name = Products;
			sourceTree = "<group>";
		};
		864D94C62AD99D8100F76C79 /* maobi */ = {
			isa = PBXGroup;
			children = (
				86DC80F72B00557B00D61940 /* GoogleService-Info.plist */,
				864D94C72AD99D8100F76C79 /* maobiApp.swift */,
				86E231F72AF1B1CC00785AEC /* Models */,
				86E231A92AE5C78800785AEC /* Views */,
				864D94CB2AD99D8300F76C79 /* Assets.xcassets */,
				864D94D02AD99D8300F76C79 /* Persistence.swift */,
				864D94D22AD99D8300F76C79 /* maobi.xcdatamodeld */,
				86E2319D2AE5BCBE00785AEC /* character_data */,
				864D94CD2AD99D8300F76C79 /* Preview Content */,
			);
			path = maobi;
			sourceTree = "<group>";
		};
		864D94CD2AD99D8300F76C79 /* Preview Content */ = {
			isa = PBXGroup;
			children = (
				864D94CE2AD99D8300F76C79 /* Preview Assets.xcassets */,
			);
			path = "Preview Content";
			sourceTree = "<group>";
		};
		86E2319D2AE5BCBE00785AEC /* character_data */ = {
			isa = PBXGroup;
			children = (
				86E231952AE5BABE00785AEC /* graphics_full.txt */,
				86E231962AE5BABE00785AEC /* dictionary_full.txt */,
				86E231902AD9B78D00785AEC /* graphics_subset.txt */,
				86E2319B2AE5BC2300785AEC /* dictionary_subset.txt */,
				86E2319E2AE5BCDD00785AEC /* animations */,
			);
			path = character_data;
			sourceTree = "<group>";
		};
		86E2319E2AE5BCDD00785AEC /* animations */ = {
			isa = PBXGroup;
			children = (
				86E231A12AE5C5AC00785AEC /* 19968.svg */,
				86E231A32AE5C5AC00785AEC /* 20008.svg */,
				86E2319F2AE5C5AC00785AEC /* 20022.svg */,
				86E231A02AE5C5AC00785AEC /* 20031.svg */,
				86E231A22AE5C5AC00785AEC /* 20101.svg */,
			);
			path = animations;
			sourceTree = "<group>";
		};
		86E231A92AE5C78800785AEC /* Views */ = {
			isa = PBXGroup;
			children = (
				8D52D5332B02598F000223BB /* FingerDrawView.swift */,
				86E231B42AE6287D00785AEC /* HomeView.swift */,
				86E231FA2AF1E80900785AEC /* LevelView.swift */,
				86E231FE2AF29EE400785AEC /* CameraView.swift */,
				86E232002AF2B09100785AEC /* FeedbackView.swift */,
				86E231FC2AF20D7500785AEC /* LevelGraphicsView.swift */,
				70780E862AF331B50067BDEE /* StrokeListView.swift */,
				70780E882AF331D30067BDEE /* CharacterListView.swift */,
				70471DFE2AF3F7A500DE800F /* LevelView.swift */,
				70780E902AF33ADB0067BDEE /* MenuView.swift */,
				86E232072AF5B65F00785AEC /* TestNavView.swift */,
				86DC80E32AFEF55400D61940 /* FeedbackGraphicsView.swift */,
				86DC80E52AFF310400D61940 /* AlignPhotoView.swift */,
				86DC81402B05787900D61940 /* NavigationView.swift */,
				86DC81442B057D2D00D61940 /* LoginView.swift */,
				86712D9B2B0E29AB00949161 /* CreateAccountView.swift */,
				86DC81422B057A2400D61940 /* OnboardingView.swift */,
				86DC80FD2B013C7600D61940 /* TutorialView.swift */,
				86DC813B2B040B6600D61940 /* TopBarView.swift */,
				86DC813E2B053D0B00D61940 /* TutorialBackgroundView.swift */,
				709460122AFACDCD006AF4FE /* ViewModels */,
			);
			path = Views;
			sourceTree = "<group>";
		};
		86E231F72AF1B1CC00785AEC /* Models */ = {
			isa = PBXGroup;
			children = (
				8D52D5312B02596E000223BB /* FingerDraw.swift */,
				86E231BA2AE9FA5B00785AEC /* User.swift */,
				864D94E12AD9ACCF00F76C79 /* Character.swift */,
				86E231F82AF1D1FE00785AEC /* Camera.swift */,
				86DC80E12AFEF53200D61940 /* Feedback.swift */,
				86DC80E72AFFF5AE00D61940 /* Contours.swift */,
				86DC80E92AFFF62B00D61940 /* Perspective.swift */,
				8D52D5352B027381000223BB /* UserLevel.swift */,
			);
			path = Models;
			sourceTree = "<group>";
		};
		8D52D52B2B025713000223BB /* Recovered References */ = {
			isa = PBXGroup;
			children = (
				8DDCA3022AF99F4D00FB181B /* FingerDraw.swift */,
				8DDCA3042AF99F8900FB181B /* FingerDrawView.swift */,
			);
			name = "Recovered References";
			sourceTree = "<group>";
		};
/* End PBXGroup section */

/* Begin PBXNativeTarget section */
		864D94C32AD99D8100F76C79 /* maobi */ = {
			isa = PBXNativeTarget;
			buildConfigurationList = 864D94D72AD99D8300F76C79 /* Build configuration list for PBXNativeTarget "maobi" */;
			buildPhases = (
				864D94C02AD99D8100F76C79 /* Sources */,
				864D94C12AD99D8100F76C79 /* Frameworks */,
				864D94C22AD99D8100F76C79 /* Resources */,
			);
			buildRules = (
			);
			dependencies = (
			);
			name = maobi;
			packageProductDependencies = (
				864D94DB2AD9A9C700F76C79 /* SVGPath */,
				86E231932AD9E17300785AEC /* SwiftSVG */,
				86E231BD2AE9FA9200785AEC /* FirebaseFirestore */,
				86E231BF2AE9FA9200785AEC /* FirebaseFirestoreCombine-Community */,
				86E231C12AE9FA9200785AEC /* FirebaseFirestoreSwift */,
				8D34876E2AF5B5B2008186E0 /* FirebaseAnalytics */,
				8D3487702AF5B5B2008186E0 /* FirebaseAnalyticsOnDeviceConversion */,
				8D3487722AF5B5B2008186E0 /* FirebaseAnalyticsSwift */,
				8D3487742AF5B5B2008186E0 /* FirebaseAnalyticsWithoutAdIdSupport */,
				8D3487762AF5B5B2008186E0 /* FirebaseAppCheck */,
			);
			productName = maobi;
			productReference = 864D94C42AD99D8100F76C79 /* maobi.app */;
			productType = "com.apple.product-type.application";
		};
/* End PBXNativeTarget section */

/* Begin PBXProject section */
		864D94BC2AD99D8100F76C79 /* Project object */ = {
			isa = PBXProject;
			attributes = {
				BuildIndependentTargetsInParallel = 1;
				LastSwiftUpdateCheck = 1430;
				LastUpgradeCheck = 1430;
				TargetAttributes = {
					864D94C32AD99D8100F76C79 = {
						CreatedOnToolsVersion = 14.3.1;
					};
				};
			};
			buildConfigurationList = 864D94BF2AD99D8100F76C79 /* Build configuration list for PBXProject "maobi" */;
			compatibilityVersion = "Xcode 14.0";
			developmentRegion = en;
			hasScannedForEncodings = 0;
			knownRegions = (
				en,
				Base,
			);
			mainGroup = 864D94BB2AD99D8100F76C79;
			packageReferences = (
				864D94DA2AD9A9C700F76C79 /* XCRemoteSwiftPackageReference "SVGPath" */,
				86E231922AD9E17300785AEC /* XCRemoteSwiftPackageReference "SwiftSVG" */,
				86E231BC2AE9FA9200785AEC /* XCRemoteSwiftPackageReference "firebase-ios-sdk" */,
			);
			productRefGroup = 864D94C52AD99D8100F76C79 /* Products */;
			projectDirPath = "";
			projectRoot = "";
			targets = (
				864D94C32AD99D8100F76C79 /* maobi */,
			);
		};
/* End PBXProject section */

/* Begin PBXResourcesBuildPhase section */
		864D94C22AD99D8100F76C79 /* Resources */ = {
			isa = PBXResourcesBuildPhase;
			buildActionMask = 2147483647;
			files = (
				86E2319C2AE5BC2300785AEC /* dictionary_subset.txt in Resources */,
				864D94CF2AD99D8300F76C79 /* Preview Assets.xcassets in Resources */,
				86E231912AD9B78D00785AEC /* graphics_subset.txt in Resources */,
				864D94CC2AD99D8300F76C79 /* Assets.xcassets in Resources */,
				86E231982AE5BABE00785AEC /* dictionary_full.txt in Resources */,
				86DC80F82B00557B00D61940 /* GoogleService-Info.plist in Resources */,
				86E231A52AE5C5AC00785AEC /* 20031.svg in Resources */,
				86E231A62AE5C5AC00785AEC /* 19968.svg in Resources */,
				86E231972AE5BABE00785AEC /* graphics_full.txt in Resources */,
				86E231A42AE5C5AC00785AEC /* 20022.svg in Resources */,
				86E231A82AE5C5AC00785AEC /* 20008.svg in Resources */,
				86E231A72AE5C5AC00785AEC /* 20101.svg in Resources */,
			);
			runOnlyForDeploymentPostprocessing = 0;
		};
/* End PBXResourcesBuildPhase section */

/* Begin PBXSourcesBuildPhase section */
		864D94C02AD99D8100F76C79 /* Sources */ = {
			isa = PBXSourcesBuildPhase;
			buildActionMask = 2147483647;
			files = (
				86DC81412B05787900D61940 /* NavigationView.swift in Sources */,
				8D52D5342B02598F000223BB /* FingerDrawView.swift in Sources */,
				8D52D5322B02596E000223BB /* FingerDraw.swift in Sources */,
				86DC80E82AFFF5AE00D61940 /* Contours.swift in Sources */,
				86DC80EA2AFFF62B00D61940 /* Perspective.swift in Sources */,
				86E232082AF5B65F00785AEC /* TestNavView.swift in Sources */,
				8D52D5362B027381000223BB /* UserLevel.swift in Sources */,
				86E231B52AE6287D00785AEC /* HomeView.swift in Sources */,
				70780E912AF33ADB0067BDEE /* MenuView.swift in Sources */,
				86E231BB2AE9FA5B00785AEC /* User.swift in Sources */,
				86DC81432B057A2400D61940 /* OnboardingView.swift in Sources */,
				86DC80E62AFF310400D61940 /* AlignPhotoView.swift in Sources */,
				709460142AFACDDE006AF4FE /* ViewModel.swift in Sources */,
				86DC80E42AFEF55400D61940 /* FeedbackGraphicsView.swift in Sources */,
				86712D9C2B0E29AB00949161 /* CreateAccountView.swift in Sources */,
				86E231FD2AF20D7500785AEC /* LevelGraphicsView.swift in Sources */,
				86E231FF2AF29EE400785AEC /* CameraView.swift in Sources */,
				86DC813F2B053D0B00D61940 /* TutorialBackgroundView.swift in Sources */,
				864D94D12AD99D8300F76C79 /* Persistence.swift in Sources */,
				86DC80E22AFEF53200D61940 /* Feedback.swift in Sources */,
				70780E892AF331D30067BDEE /* CharacterListView.swift in Sources */,
				70471DFF2AF3F7A500DE800F /* LevelView.swift in Sources */,
				86DC813C2B040B6600D61940 /* TopBarView.swift in Sources */,
				864D94D42AD99D8300F76C79 /* maobi.xcdatamodeld in Sources */,
				864D94E22AD9ACCF00F76C79 /* Character.swift in Sources */,
				86E231FB2AF1E80900785AEC /* LevelView.swift in Sources */,
				86E231F92AF1D1FE00785AEC /* Camera.swift in Sources */,
				86DC80FE2B013C7600D61940 /* TutorialView.swift in Sources */,
				86E232012AF2B09100785AEC /* FeedbackView.swift in Sources */,
				70780E872AF331B50067BDEE /* StrokeListView.swift in Sources */,
				86DC81452B057D2D00D61940 /* LoginView.swift in Sources */,
				864D94C82AD99D8100F76C79 /* maobiApp.swift in Sources */,
			);
			runOnlyForDeploymentPostprocessing = 0;
		};
/* End PBXSourcesBuildPhase section */

/* Begin XCBuildConfiguration section */
		864D94D52AD99D8300F76C79 /* Debug */ = {
			isa = XCBuildConfiguration;
			buildSettings = {
				ALWAYS_SEARCH_USER_PATHS = NO;
				CLANG_ANALYZER_NONNULL = YES;
				CLANG_ANALYZER_NUMBER_OBJECT_CONVERSION = YES_AGGRESSIVE;
				CLANG_CXX_LANGUAGE_STANDARD = "gnu++20";
				CLANG_ENABLE_MODULES = YES;
				CLANG_ENABLE_OBJC_ARC = YES;
				CLANG_ENABLE_OBJC_WEAK = YES;
				CLANG_WARN_BLOCK_CAPTURE_AUTORELEASING = YES;
				CLANG_WARN_BOOL_CONVERSION = YES;
				CLANG_WARN_COMMA = YES;
				CLANG_WARN_CONSTANT_CONVERSION = YES;
				CLANG_WARN_DEPRECATED_OBJC_IMPLEMENTATIONS = YES;
				CLANG_WARN_DIRECT_OBJC_ISA_USAGE = YES_ERROR;
				CLANG_WARN_DOCUMENTATION_COMMENTS = YES;
				CLANG_WARN_EMPTY_BODY = YES;
				CLANG_WARN_ENUM_CONVERSION = YES;
				CLANG_WARN_INFINITE_RECURSION = YES;
				CLANG_WARN_INT_CONVERSION = YES;
				CLANG_WARN_NON_LITERAL_NULL_CONVERSION = YES;
				CLANG_WARN_OBJC_IMPLICIT_RETAIN_SELF = YES;
				CLANG_WARN_OBJC_LITERAL_CONVERSION = YES;
				CLANG_WARN_OBJC_ROOT_CLASS = YES_ERROR;
				CLANG_WARN_QUOTED_INCLUDE_IN_FRAMEWORK_HEADER = YES;
				CLANG_WARN_RANGE_LOOP_ANALYSIS = YES;
				CLANG_WARN_STRICT_PROTOTYPES = YES;
				CLANG_WARN_SUSPICIOUS_MOVE = YES;
				CLANG_WARN_UNGUARDED_AVAILABILITY = YES_AGGRESSIVE;
				CLANG_WARN_UNREACHABLE_CODE = YES;
				CLANG_WARN__DUPLICATE_METHOD_MATCH = YES;
				COPY_PHASE_STRIP = NO;
				DEBUG_INFORMATION_FORMAT = dwarf;
				ENABLE_STRICT_OBJC_MSGSEND = YES;
				ENABLE_TESTABILITY = YES;
				GCC_C_LANGUAGE_STANDARD = gnu11;
				GCC_DYNAMIC_NO_PIC = NO;
				GCC_NO_COMMON_BLOCKS = YES;
				GCC_OPTIMIZATION_LEVEL = 0;
				GCC_PREPROCESSOR_DEFINITIONS = (
					"DEBUG=1",
					"$(inherited)",
				);
				GCC_WARN_64_TO_32_BIT_CONVERSION = YES;
				GCC_WARN_ABOUT_RETURN_TYPE = YES_ERROR;
				GCC_WARN_UNDECLARED_SELECTOR = YES;
				GCC_WARN_UNINITIALIZED_AUTOS = YES_AGGRESSIVE;
				GCC_WARN_UNUSED_FUNCTION = YES;
				GCC_WARN_UNUSED_VARIABLE = YES;
				IPHONEOS_DEPLOYMENT_TARGET = 16.4;
				MTL_ENABLE_DEBUG_INFO = INCLUDE_SOURCE;
				MTL_FAST_MATH = YES;
				ONLY_ACTIVE_ARCH = YES;
				SDKROOT = iphoneos;
				SWIFT_ACTIVE_COMPILATION_CONDITIONS = DEBUG;
				SWIFT_OPTIMIZATION_LEVEL = "-Onone";
			};
			name = Debug;
		};
		864D94D62AD99D8300F76C79 /* Release */ = {
			isa = XCBuildConfiguration;
			buildSettings = {
				ALWAYS_SEARCH_USER_PATHS = NO;
				CLANG_ANALYZER_NONNULL = YES;
				CLANG_ANALYZER_NUMBER_OBJECT_CONVERSION = YES_AGGRESSIVE;
				CLANG_CXX_LANGUAGE_STANDARD = "gnu++20";
				CLANG_ENABLE_MODULES = YES;
				CLANG_ENABLE_OBJC_ARC = YES;
				CLANG_ENABLE_OBJC_WEAK = YES;
				CLANG_WARN_BLOCK_CAPTURE_AUTORELEASING = YES;
				CLANG_WARN_BOOL_CONVERSION = YES;
				CLANG_WARN_COMMA = YES;
				CLANG_WARN_CONSTANT_CONVERSION = YES;
				CLANG_WARN_DEPRECATED_OBJC_IMPLEMENTATIONS = YES;
				CLANG_WARN_DIRECT_OBJC_ISA_USAGE = YES_ERROR;
				CLANG_WARN_DOCUMENTATION_COMMENTS = YES;
				CLANG_WARN_EMPTY_BODY = YES;
				CLANG_WARN_ENUM_CONVERSION = YES;
				CLANG_WARN_INFINITE_RECURSION = YES;
				CLANG_WARN_INT_CONVERSION = YES;
				CLANG_WARN_NON_LITERAL_NULL_CONVERSION = YES;
				CLANG_WARN_OBJC_IMPLICIT_RETAIN_SELF = YES;
				CLANG_WARN_OBJC_LITERAL_CONVERSION = YES;
				CLANG_WARN_OBJC_ROOT_CLASS = YES_ERROR;
				CLANG_WARN_QUOTED_INCLUDE_IN_FRAMEWORK_HEADER = YES;
				CLANG_WARN_RANGE_LOOP_ANALYSIS = YES;
				CLANG_WARN_STRICT_PROTOTYPES = YES;
				CLANG_WARN_SUSPICIOUS_MOVE = YES;
				CLANG_WARN_UNGUARDED_AVAILABILITY = YES_AGGRESSIVE;
				CLANG_WARN_UNREACHABLE_CODE = YES;
				CLANG_WARN__DUPLICATE_METHOD_MATCH = YES;
				COPY_PHASE_STRIP = NO;
				DEBUG_INFORMATION_FORMAT = "dwarf-with-dsym";
				ENABLE_NS_ASSERTIONS = NO;
				ENABLE_STRICT_OBJC_MSGSEND = YES;
				GCC_C_LANGUAGE_STANDARD = gnu11;
				GCC_NO_COMMON_BLOCKS = YES;
				GCC_WARN_64_TO_32_BIT_CONVERSION = YES;
				GCC_WARN_ABOUT_RETURN_TYPE = YES_ERROR;
				GCC_WARN_UNDECLARED_SELECTOR = YES;
				GCC_WARN_UNINITIALIZED_AUTOS = YES_AGGRESSIVE;
				GCC_WARN_UNUSED_FUNCTION = YES;
				GCC_WARN_UNUSED_VARIABLE = YES;
				IPHONEOS_DEPLOYMENT_TARGET = 16.4;
				MTL_ENABLE_DEBUG_INFO = NO;
				MTL_FAST_MATH = YES;
				SDKROOT = iphoneos;
				SWIFT_COMPILATION_MODE = wholemodule;
				SWIFT_OPTIMIZATION_LEVEL = "-O";
				VALIDATE_PRODUCT = YES;
			};
			name = Release;
		};
		864D94D82AD99D8300F76C79 /* Debug */ = {
			isa = XCBuildConfiguration;
			buildSettings = {
				ASSETCATALOG_COMPILER_APPICON_NAME = AppIcon;
				ASSETCATALOG_COMPILER_GLOBAL_ACCENT_COLOR_NAME = AccentColor;
				CODE_SIGN_STYLE = Automatic;
				CURRENT_PROJECT_VERSION = 1;
				DEVELOPMENT_ASSET_PATHS = "\"maobi/Preview Content\"";
				DEVELOPMENT_TEAM = 4AS8N7YMJ7;
				ENABLE_PREVIEWS = YES;
				GENERATE_INFOPLIST_FILE = YES;
				INFOPLIST_KEY_NSCameraUsageDescription = "Please allow camera access.";
				INFOPLIST_KEY_UIApplicationSceneManifest_Generation = YES;
				INFOPLIST_KEY_UIApplicationSupportsIndirectInputEvents = YES;
				INFOPLIST_KEY_UILaunchScreen_Generation = YES;
				INFOPLIST_KEY_UISupportedInterfaceOrientations_iPad = "UIInterfaceOrientationPortrait UIInterfaceOrientationPortraitUpsideDown UIInterfaceOrientationLandscapeLeft UIInterfaceOrientationLandscapeRight";
				INFOPLIST_KEY_UISupportedInterfaceOrientations_iPhone = "UIInterfaceOrientationPortrait UIInterfaceOrientationLandscapeLeft UIInterfaceOrientationLandscapeRight";
				IPHONEOS_DEPLOYMENT_TARGET = 16.0;
				LD_RUNPATH_SEARCH_PATHS = (
					"$(inherited)",
					"@executable_path/Frameworks",
				);
				MARKETING_VERSION = 1.0;
				PRODUCT_BUNDLE_IDENTIFIER = test.maobi;
				PRODUCT_NAME = "$(TARGET_NAME)";
				SWIFT_EMIT_LOC_STRINGS = YES;
				SWIFT_VERSION = 5.0;
				TARGETED_DEVICE_FAMILY = "1,2";
			};
			name = Debug;
		};
		864D94D92AD99D8300F76C79 /* Release */ = {
			isa = XCBuildConfiguration;
			buildSettings = {
				ASSETCATALOG_COMPILER_APPICON_NAME = AppIcon;
				ASSETCATALOG_COMPILER_GLOBAL_ACCENT_COLOR_NAME = AccentColor;
				CODE_SIGN_STYLE = Automatic;
				CURRENT_PROJECT_VERSION = 1;
				DEVELOPMENT_ASSET_PATHS = "\"maobi/Preview Content\"";
				DEVELOPMENT_TEAM = 4AS8N7YMJ7;
				ENABLE_PREVIEWS = YES;
				GENERATE_INFOPLIST_FILE = YES;
				INFOPLIST_KEY_NSCameraUsageDescription = "Please allow camera access.";
				INFOPLIST_KEY_UIApplicationSceneManifest_Generation = YES;
				INFOPLIST_KEY_UIApplicationSupportsIndirectInputEvents = YES;
				INFOPLIST_KEY_UILaunchScreen_Generation = YES;
				INFOPLIST_KEY_UISupportedInterfaceOrientations_iPad = "UIInterfaceOrientationPortrait UIInterfaceOrientationPortraitUpsideDown UIInterfaceOrientationLandscapeLeft UIInterfaceOrientationLandscapeRight";
				INFOPLIST_KEY_UISupportedInterfaceOrientations_iPhone = "UIInterfaceOrientationPortrait UIInterfaceOrientationLandscapeLeft UIInterfaceOrientationLandscapeRight";
				IPHONEOS_DEPLOYMENT_TARGET = 16.0;
				LD_RUNPATH_SEARCH_PATHS = (
					"$(inherited)",
					"@executable_path/Frameworks",
				);
				MARKETING_VERSION = 1.0;
				PRODUCT_BUNDLE_IDENTIFIER = test.maobi;
				PRODUCT_NAME = "$(TARGET_NAME)";
				SWIFT_EMIT_LOC_STRINGS = YES;
				SWIFT_VERSION = 5.0;
				TARGETED_DEVICE_FAMILY = "1,2";
			};
			name = Release;
		};
/* End XCBuildConfiguration section */

/* Begin XCConfigurationList section */
		864D94BF2AD99D8100F76C79 /* Build configuration list for PBXProject "maobi" */ = {
			isa = XCConfigurationList;
			buildConfigurations = (
				864D94D52AD99D8300F76C79 /* Debug */,
				864D94D62AD99D8300F76C79 /* Release */,
			);
			defaultConfigurationIsVisible = 0;
			defaultConfigurationName = Release;
		};
		864D94D72AD99D8300F76C79 /* Build configuration list for PBXNativeTarget "maobi" */ = {
			isa = XCConfigurationList;
			buildConfigurations = (
				864D94D82AD99D8300F76C79 /* Debug */,
				864D94D92AD99D8300F76C79 /* Release */,
			);
			defaultConfigurationIsVisible = 0;
			defaultConfigurationName = Release;
		};
/* End XCConfigurationList section */

/* Begin XCRemoteSwiftPackageReference section */
		864D94DA2AD9A9C700F76C79 /* XCRemoteSwiftPackageReference "SVGPath" */ = {
			isa = XCRemoteSwiftPackageReference;
			repositoryURL = "https://github.com/nicklockwood/SVGPath.git";
			requirement = {
				kind = upToNextMajorVersion;
				minimumVersion = 1.0.0;
			};
		};
		86E231922AD9E17300785AEC /* XCRemoteSwiftPackageReference "SwiftSVG" */ = {
			isa = XCRemoteSwiftPackageReference;
			repositoryURL = "https://github.com/mchoe/SwiftSVG";
			requirement = {
				branch = master;
				kind = branch;
			};
		};
		86E231BC2AE9FA9200785AEC /* XCRemoteSwiftPackageReference "firebase-ios-sdk" */ = {
			isa = XCRemoteSwiftPackageReference;
			repositoryURL = "https://github.com/firebase/firebase-ios-sdk.git";
			requirement = {
				kind = upToNextMajorVersion;
				minimumVersion = 10.0.0;
			};
		};
/* End XCRemoteSwiftPackageReference section */

/* Begin XCSwiftPackageProductDependency section */
		864D94DB2AD9A9C700F76C79 /* SVGPath */ = {
			isa = XCSwiftPackageProductDependency;
			package = 864D94DA2AD9A9C700F76C79 /* XCRemoteSwiftPackageReference "SVGPath" */;
			productName = SVGPath;
		};
		86E231932AD9E17300785AEC /* SwiftSVG */ = {
			isa = XCSwiftPackageProductDependency;
			package = 86E231922AD9E17300785AEC /* XCRemoteSwiftPackageReference "SwiftSVG" */;
			productName = SwiftSVG;
		};
		86E231BD2AE9FA9200785AEC /* FirebaseFirestore */ = {
			isa = XCSwiftPackageProductDependency;
			package = 86E231BC2AE9FA9200785AEC /* XCRemoteSwiftPackageReference "firebase-ios-sdk" */;
			productName = FirebaseFirestore;
		};
		86E231BF2AE9FA9200785AEC /* FirebaseFirestoreCombine-Community */ = {
			isa = XCSwiftPackageProductDependency;
			package = 86E231BC2AE9FA9200785AEC /* XCRemoteSwiftPackageReference "firebase-ios-sdk" */;
			productName = "FirebaseFirestoreCombine-Community";
		};
		86E231C12AE9FA9200785AEC /* FirebaseFirestoreSwift */ = {
			isa = XCSwiftPackageProductDependency;
			package = 86E231BC2AE9FA9200785AEC /* XCRemoteSwiftPackageReference "firebase-ios-sdk" */;
			productName = FirebaseFirestoreSwift;
		};
		8D34876E2AF5B5B2008186E0 /* FirebaseAnalytics */ = {
			isa = XCSwiftPackageProductDependency;
			package = 86E231BC2AE9FA9200785AEC /* XCRemoteSwiftPackageReference "firebase-ios-sdk" */;
			productName = FirebaseAnalytics;
		};
		8D3487702AF5B5B2008186E0 /* FirebaseAnalyticsOnDeviceConversion */ = {
			isa = XCSwiftPackageProductDependency;
			package = 86E231BC2AE9FA9200785AEC /* XCRemoteSwiftPackageReference "firebase-ios-sdk" */;
			productName = FirebaseAnalyticsOnDeviceConversion;
		};
		8D3487722AF5B5B2008186E0 /* FirebaseAnalyticsSwift */ = {
			isa = XCSwiftPackageProductDependency;
			package = 86E231BC2AE9FA9200785AEC /* XCRemoteSwiftPackageReference "firebase-ios-sdk" */;
			productName = FirebaseAnalyticsSwift;
		};
		8D3487742AF5B5B2008186E0 /* FirebaseAnalyticsWithoutAdIdSupport */ = {
			isa = XCSwiftPackageProductDependency;
			package = 86E231BC2AE9FA9200785AEC /* XCRemoteSwiftPackageReference "firebase-ios-sdk" */;
			productName = FirebaseAnalyticsWithoutAdIdSupport;
		};
		8D3487762AF5B5B2008186E0 /* FirebaseAppCheck */ = {
			isa = XCSwiftPackageProductDependency;
			package = 86E231BC2AE9FA9200785AEC /* XCRemoteSwiftPackageReference "firebase-ios-sdk" */;
			productName = FirebaseAppCheck;
		};
/* End XCSwiftPackageProductDependency section */

/* Begin XCVersionGroup section */
		864D94D22AD99D8300F76C79 /* maobi.xcdatamodeld */ = {
			isa = XCVersionGroup;
			children = (
				864D94D32AD99D8300F76C79 /* maobi.xcdatamodel */,
			);
			currentVersion = 864D94D32AD99D8300F76C79 /* maobi.xcdatamodel */;
			path = maobi.xcdatamodeld;
			sourceTree = "<group>";
			versionGroupType = wrapper.xcdatamodel;
		};
/* End XCVersionGroup section */
	};
	rootObject = 864D94BC2AD99D8100F76C79 /* Project object */;
}
