// !$*UTF8*$!
{
	archiveVersion = 1;
	classes = {
	};
	objectVersion = 56;
	objects = {

/* Begin PBXBuildFile section */
		864D94C82AD99D8100F76C79 /* maobiApp.swift in Sources */ = {isa = PBXBuildFile; fileRef = 864D94C72AD99D8100F76C79 /* maobiApp.swift */; };
		864D94CA2AD99D8100F76C79 /* LevelView.swift in Sources */ = {isa = PBXBuildFile; fileRef = 864D94C92AD99D8100F76C79 /* LevelView.swift */; };
		864D94CC2AD99D8300F76C79 /* Assets.xcassets in Resources */ = {isa = PBXBuildFile; fileRef = 864D94CB2AD99D8300F76C79 /* Assets.xcassets */; };
		864D94CF2AD99D8300F76C79 /* Preview Assets.xcassets in Resources */ = {isa = PBXBuildFile; fileRef = 864D94CE2AD99D8300F76C79 /* Preview Assets.xcassets */; };
		864D94D12AD99D8300F76C79 /* Persistence.swift in Sources */ = {isa = PBXBuildFile; fileRef = 864D94D02AD99D8300F76C79 /* Persistence.swift */; };
		864D94D42AD99D8300F76C79 /* maobi.xcdatamodeld in Sources */ = {isa = PBXBuildFile; fileRef = 864D94D22AD99D8300F76C79 /* maobi.xcdatamodeld */; };
		864D94DC2AD9A9C700F76C79 /* SVGPath in Frameworks */ = {isa = PBXBuildFile; productRef = 864D94DB2AD9A9C700F76C79 /* SVGPath */; };
		864D94E22AD9ACCF00F76C79 /* loadCharacterData.swift in Sources */ = {isa = PBXBuildFile; fileRef = 864D94E12AD9ACCF00F76C79 /* loadCharacterData.swift */; };
		86E231912AD9B78D00785AEC /* graphics_subset.txt in Resources */ = {isa = PBXBuildFile; fileRef = 86E231902AD9B78D00785AEC /* graphics_subset.txt */; };
		86E231942AD9E17300785AEC /* SwiftSVG in Frameworks */ = {isa = PBXBuildFile; productRef = 86E231932AD9E17300785AEC /* SwiftSVG */; };
		86E231972AE5BABE00785AEC /* graphics_full.txt in Resources */ = {isa = PBXBuildFile; fileRef = 86E231952AE5BABE00785AEC /* graphics_full.txt */; };
		86E231982AE5BABE00785AEC /* dictionary_full.txt in Resources */ = {isa = PBXBuildFile; fileRef = 86E231962AE5BABE00785AEC /* dictionary_full.txt */; };
		86E2319C2AE5BC2300785AEC /* dictionary_subset.txt in Resources */ = {isa = PBXBuildFile; fileRef = 86E2319B2AE5BC2300785AEC /* dictionary_subset.txt */; };
		86E231A42AE5C5AC00785AEC /* 20022.svg in Resources */ = {isa = PBXBuildFile; fileRef = 86E2319F2AE5C5AC00785AEC /* 20022.svg */; };
		86E231A52AE5C5AC00785AEC /* 20031.svg in Resources */ = {isa = PBXBuildFile; fileRef = 86E231A02AE5C5AC00785AEC /* 20031.svg */; };
		86E231A62AE5C5AC00785AEC /* 19968.svg in Resources */ = {isa = PBXBuildFile; fileRef = 86E231A12AE5C5AC00785AEC /* 19968.svg */; };
		86E231A72AE5C5AC00785AEC /* 20101.svg in Resources */ = {isa = PBXBuildFile; fileRef = 86E231A22AE5C5AC00785AEC /* 20101.svg */; };
		86E231A82AE5C5AC00785AEC /* 20008.svg in Resources */ = {isa = PBXBuildFile; fileRef = 86E231A32AE5C5AC00785AEC /* 20008.svg */; };
		86E231AB2AE5C7D800785AEC /* CardView.swift in Sources */ = {isa = PBXBuildFile; fileRef = 86E231AA2AE5C7D800785AEC /* CardView.swift */; };
		86E231AD2AE5C8A200785AEC /* CharacterView.swift in Sources */ = {isa = PBXBuildFile; fileRef = 86E231AC2AE5C8A200785AEC /* CharacterView.swift */; };
		86E231B32AE6284A00785AEC /* TutorialView.swift in Sources */ = {isa = PBXBuildFile; fileRef = 86E231B22AE6284A00785AEC /* TutorialView.swift */; };
		86E231B52AE6287D00785AEC /* HomeView.swift in Sources */ = {isa = PBXBuildFile; fileRef = 86E231B42AE6287D00785AEC /* HomeView.swift */; };
		86E231B72AE62A6600785AEC /* tutorial.swift in Sources */ = {isa = PBXBuildFile; fileRef = 86E231B62AE62A6600785AEC /* tutorial.swift */; };
/* End PBXBuildFile section */

/* Begin PBXFileReference section */
		864D94C42AD99D8100F76C79 /* maobi.app */ = {isa = PBXFileReference; explicitFileType = wrapper.application; includeInIndex = 0; path = maobi.app; sourceTree = BUILT_PRODUCTS_DIR; };
		864D94C72AD99D8100F76C79 /* maobiApp.swift */ = {isa = PBXFileReference; lastKnownFileType = sourcecode.swift; path = maobiApp.swift; sourceTree = "<group>"; };
		864D94C92AD99D8100F76C79 /* LevelView.swift */ = {isa = PBXFileReference; lastKnownFileType = sourcecode.swift; path = LevelView.swift; sourceTree = "<group>"; };
		864D94CB2AD99D8300F76C79 /* Assets.xcassets */ = {isa = PBXFileReference; lastKnownFileType = folder.assetcatalog; path = Assets.xcassets; sourceTree = "<group>"; };
		864D94CE2AD99D8300F76C79 /* Preview Assets.xcassets */ = {isa = PBXFileReference; lastKnownFileType = folder.assetcatalog; path = "Preview Assets.xcassets"; sourceTree = "<group>"; };
		864D94D02AD99D8300F76C79 /* Persistence.swift */ = {isa = PBXFileReference; lastKnownFileType = sourcecode.swift; path = Persistence.swift; sourceTree = "<group>"; };
		864D94D32AD99D8300F76C79 /* maobi.xcdatamodel */ = {isa = PBXFileReference; lastKnownFileType = wrapper.xcdatamodel; path = maobi.xcdatamodel; sourceTree = "<group>"; };
		864D94E12AD9ACCF00F76C79 /* loadCharacterData.swift */ = {isa = PBXFileReference; lastKnownFileType = sourcecode.swift; path = loadCharacterData.swift; sourceTree = "<group>"; };
		86E231902AD9B78D00785AEC /* graphics_subset.txt */ = {isa = PBXFileReference; fileEncoding = 4; lastKnownFileType = text; path = graphics_subset.txt; sourceTree = "<group>"; };
		86E231952AE5BABE00785AEC /* graphics_full.txt */ = {isa = PBXFileReference; fileEncoding = 4; lastKnownFileType = text; path = graphics_full.txt; sourceTree = "<group>"; };
		86E231962AE5BABE00785AEC /* dictionary_full.txt */ = {isa = PBXFileReference; fileEncoding = 4; lastKnownFileType = text; path = dictionary_full.txt; sourceTree = "<group>"; };
		86E2319B2AE5BC2300785AEC /* dictionary_subset.txt */ = {isa = PBXFileReference; fileEncoding = 4; lastKnownFileType = text; path = dictionary_subset.txt; sourceTree = "<group>"; };
		86E2319F2AE5C5AC00785AEC /* 20022.svg */ = {isa = PBXFileReference; fileEncoding = 4; lastKnownFileType = text; path = 20022.svg; sourceTree = "<group>"; };
		86E231A02AE5C5AC00785AEC /* 20031.svg */ = {isa = PBXFileReference; fileEncoding = 4; lastKnownFileType = text; path = 20031.svg; sourceTree = "<group>"; };
		86E231A12AE5C5AC00785AEC /* 19968.svg */ = {isa = PBXFileReference; fileEncoding = 4; lastKnownFileType = text; path = 19968.svg; sourceTree = "<group>"; };
		86E231A22AE5C5AC00785AEC /* 20101.svg */ = {isa = PBXFileReference; fileEncoding = 4; lastKnownFileType = text; path = 20101.svg; sourceTree = "<group>"; };
		86E231A32AE5C5AC00785AEC /* 20008.svg */ = {isa = PBXFileReference; fileEncoding = 4; lastKnownFileType = text; path = 20008.svg; sourceTree = "<group>"; };
		86E231AA2AE5C7D800785AEC /* CardView.swift */ = {isa = PBXFileReference; lastKnownFileType = sourcecode.swift; path = CardView.swift; sourceTree = "<group>"; };
		86E231AC2AE5C8A200785AEC /* CharacterView.swift */ = {isa = PBXFileReference; lastKnownFileType = sourcecode.swift; path = CharacterView.swift; sourceTree = "<group>"; };
		86E231B22AE6284A00785AEC /* TutorialView.swift */ = {isa = PBXFileReference; lastKnownFileType = sourcecode.swift; path = TutorialView.swift; sourceTree = "<group>"; };
		86E231B42AE6287D00785AEC /* HomeView.swift */ = {isa = PBXFileReference; lastKnownFileType = sourcecode.swift; path = HomeView.swift; sourceTree = "<group>"; };
		86E231B62AE62A6600785AEC /* tutorial.swift */ = {isa = PBXFileReference; lastKnownFileType = sourcecode.swift; path = tutorial.swift; sourceTree = "<group>"; };
/* End PBXFileReference section */

/* Begin PBXFrameworksBuildPhase section */
		864D94C12AD99D8100F76C79 /* Frameworks */ = {
			isa = PBXFrameworksBuildPhase;
			buildActionMask = 2147483647;
			files = (
				864D94DC2AD9A9C700F76C79 /* SVGPath in Frameworks */,
				86E231942AD9E17300785AEC /* SwiftSVG in Frameworks */,
			);
			runOnlyForDeploymentPostprocessing = 0;
		};
/* End PBXFrameworksBuildPhase section */

/* Begin PBXGroup section */
		864D94BB2AD99D8100F76C79 = {
			isa = PBXGroup;
			children = (
				864D94C62AD99D8100F76C79 /* maobi */,
				864D94C52AD99D8100F76C79 /* Products */,
			);
			sourceTree = "<group>";
		};
		864D94C52AD99D8100F76C79 /* Products */ = {
			isa = PBXGroup;
			children = (
				864D94C42AD99D8100F76C79 /* maobi.app */,
			);
			name = Products;
			sourceTree = "<group>";
		};
		864D94C62AD99D8100F76C79 /* maobi */ = {
			isa = PBXGroup;
			children = (
				864D94C72AD99D8100F76C79 /* maobiApp.swift */,
				864D94E12AD9ACCF00F76C79 /* loadCharacterData.swift */,
				86E231B62AE62A6600785AEC /* tutorial.swift */,
				86E231A92AE5C78800785AEC /* Views */,
				864D94CB2AD99D8300F76C79 /* Assets.xcassets */,
				864D94D02AD99D8300F76C79 /* Persistence.swift */,
				864D94D22AD99D8300F76C79 /* maobi.xcdatamodeld */,
				86E2319D2AE5BCBE00785AEC /* character_data */,
				864D94CD2AD99D8300F76C79 /* Preview Content */,
			);
			path = maobi;
			sourceTree = "<group>";
		};
		864D94CD2AD99D8300F76C79 /* Preview Content */ = {
			isa = PBXGroup;
			children = (
				864D94CE2AD99D8300F76C79 /* Preview Assets.xcassets */,
			);
			path = "Preview Content";
			sourceTree = "<group>";
		};
		86E2319D2AE5BCBE00785AEC /* character_data */ = {
			isa = PBXGroup;
			children = (
				86E231952AE5BABE00785AEC /* graphics_full.txt */,
				86E231962AE5BABE00785AEC /* dictionary_full.txt */,
				86E231902AD9B78D00785AEC /* graphics_subset.txt */,
				86E2319B2AE5BC2300785AEC /* dictionary_subset.txt */,
				86E2319E2AE5BCDD00785AEC /* animations */,
			);
			path = character_data;
			sourceTree = "<group>";
		};
		86E2319E2AE5BCDD00785AEC /* animations */ = {
			isa = PBXGroup;
			children = (
				86E231A12AE5C5AC00785AEC /* 19968.svg */,
				86E231A32AE5C5AC00785AEC /* 20008.svg */,
				86E2319F2AE5C5AC00785AEC /* 20022.svg */,
				86E231A02AE5C5AC00785AEC /* 20031.svg */,
				86E231A22AE5C5AC00785AEC /* 20101.svg */,
			);
			path = animations;
			sourceTree = "<group>";
		};
		86E231A92AE5C78800785AEC /* Views */ = {
			isa = PBXGroup;
			children = (
				864D94C92AD99D8100F76C79 /* LevelView.swift */,
				86E231B42AE6287D00785AEC /* HomeView.swift */,
				86E231AA2AE5C7D800785AEC /* CardView.swift */,
				86E231AC2AE5C8A200785AEC /* CharacterView.swift */,
				86E231B22AE6284A00785AEC /* TutorialView.swift */,
			);
			path = Views;
			sourceTree = "<group>";
		};
/* End PBXGroup section */

/* Begin PBXNativeTarget section */
		864D94C32AD99D8100F76C79 /* maobi */ = {
			isa = PBXNativeTarget;
			buildConfigurationList = 864D94D72AD99D8300F76C79 /* Build configuration list for PBXNativeTarget "maobi" */;
			buildPhases = (
				864D94C02AD99D8100F76C79 /* Sources */,
				864D94C12AD99D8100F76C79 /* Frameworks */,
				864D94C22AD99D8100F76C79 /* Resources */,
			);
			buildRules = (
			);
			dependencies = (
			);
			name = maobi;
			packageProductDependencies = (
				864D94DB2AD9A9C700F76C79 /* SVGPath */,
				86E231932AD9E17300785AEC /* SwiftSVG */,
			);
			productName = maobi;
			productReference = 864D94C42AD99D8100F76C79 /* maobi.app */;
			productType = "com.apple.product-type.application";
		};
/* End PBXNativeTarget section */

/* Begin PBXProject section */
		864D94BC2AD99D8100F76C79 /* Project object */ = {
			isa = PBXProject;
			attributes = {
				BuildIndependentTargetsInParallel = 1;
				LastSwiftUpdateCheck = 1430;
				LastUpgradeCheck = 1430;
				TargetAttributes = {
					864D94C32AD99D8100F76C79 = {
						CreatedOnToolsVersion = 14.3.1;
					};
				};
			};
			buildConfigurationList = 864D94BF2AD99D8100F76C79 /* Build configuration list for PBXProject "maobi" */;
			compatibilityVersion = "Xcode 14.0";
			developmentRegion = en;
			hasScannedForEncodings = 0;
			knownRegions = (
				en,
				Base,
			);
			mainGroup = 864D94BB2AD99D8100F76C79;
			packageReferences = (
				864D94DA2AD9A9C700F76C79 /* XCRemoteSwiftPackageReference "SVGPath" */,
				86E231922AD9E17300785AEC /* XCRemoteSwiftPackageReference "SwiftSVG" */,
			);
			productRefGroup = 864D94C52AD99D8100F76C79 /* Products */;
			projectDirPath = "";
			projectRoot = "";
			targets = (
				864D94C32AD99D8100F76C79 /* maobi */,
			);
		};
/* End PBXProject section */

/* Begin PBXResourcesBuildPhase section */
		864D94C22AD99D8100F76C79 /* Resources */ = {
			isa = PBXResourcesBuildPhase;
			buildActionMask = 2147483647;
			files = (
				86E2319C2AE5BC2300785AEC /* dictionary_subset.txt in Resources */,
				864D94CF2AD99D8300F76C79 /* Preview Assets.xcassets in Resources */,
				86E231912AD9B78D00785AEC /* graphics_subset.txt in Resources */,
				864D94CC2AD99D8300F76C79 /* Assets.xcassets in Resources */,
				86E231982AE5BABE00785AEC /* dictionary_full.txt in Resources */,
				86E231A52AE5C5AC00785AEC /* 20031.svg in Resources */,
				86E231A62AE5C5AC00785AEC /* 19968.svg in Resources */,
				86E231972AE5BABE00785AEC /* graphics_full.txt in Resources */,
				86E231A42AE5C5AC00785AEC /* 20022.svg in Resources */,
				86E231A82AE5C5AC00785AEC /* 20008.svg in Resources */,
				86E231A72AE5C5AC00785AEC /* 20101.svg in Resources */,
			);
			runOnlyForDeploymentPostprocessing = 0;
		};
/* End PBXResourcesBuildPhase section */

/* Begin PBXSourcesBuildPhase section */
		864D94C02AD99D8100F76C79 /* Sources */ = {
			isa = PBXSourcesBuildPhase;
			buildActionMask = 2147483647;
			files = (
				86E231B52AE6287D00785AEC /* HomeView.swift in Sources */,
				86E231AD2AE5C8A200785AEC /* CharacterView.swift in Sources */,
				864D94D12AD99D8300F76C79 /* Persistence.swift in Sources */,
				864D94CA2AD99D8100F76C79 /* LevelView.swift in Sources */,
				864D94D42AD99D8300F76C79 /* maobi.xcdatamodeld in Sources */,
				86E231B32AE6284A00785AEC /* TutorialView.swift in Sources */,
				864D94E22AD9ACCF00F76C79 /* loadCharacterData.swift in Sources */,
				86E231AB2AE5C7D800785AEC /* CardView.swift in Sources */,
				864D94C82AD99D8100F76C79 /* maobiApp.swift in Sources */,
				86E231B72AE62A6600785AEC /* tutorial.swift in Sources */,
			);
			runOnlyForDeploymentPostprocessing = 0;
		};
/* End PBXSourcesBuildPhase section */

/* Begin XCBuildConfiguration section */
		864D94D52AD99D8300F76C79 /* Debug */ = {
			isa = XCBuildConfiguration;
			buildSettings = {
				ALWAYS_SEARCH_USER_PATHS = NO;
				CLANG_ANALYZER_NONNULL = YES;
				CLANG_ANALYZER_NUMBER_OBJECT_CONVERSION = YES_AGGRESSIVE;
				CLANG_CXX_LANGUAGE_STANDARD = "gnu++20";
				CLANG_ENABLE_MODULES = YES;
				CLANG_ENABLE_OBJC_ARC = YES;
				CLANG_ENABLE_OBJC_WEAK = YES;
				CLANG_WARN_BLOCK_CAPTURE_AUTORELEASING = YES;
				CLANG_WARN_BOOL_CONVERSION = YES;
				CLANG_WARN_COMMA = YES;
				CLANG_WARN_CONSTANT_CONVERSION = YES;
				CLANG_WARN_DEPRECATED_OBJC_IMPLEMENTATIONS = YES;
				CLANG_WARN_DIRECT_OBJC_ISA_USAGE = YES_ERROR;
				CLANG_WARN_DOCUMENTATION_COMMENTS = YES;
				CLANG_WARN_EMPTY_BODY = YES;
				CLANG_WARN_ENUM_CONVERSION = YES;
				CLANG_WARN_INFINITE_RECURSION = YES;
				CLANG_WARN_INT_CONVERSION = YES;
				CLANG_WARN_NON_LITERAL_NULL_CONVERSION = YES;
				CLANG_WARN_OBJC_IMPLICIT_RETAIN_SELF = YES;
				CLANG_WARN_OBJC_LITERAL_CONVERSION = YES;
				CLANG_WARN_OBJC_ROOT_CLASS = YES_ERROR;
				CLANG_WARN_QUOTED_INCLUDE_IN_FRAMEWORK_HEADER = YES;
				CLANG_WARN_RANGE_LOOP_ANALYSIS = YES;
				CLANG_WARN_STRICT_PROTOTYPES = YES;
				CLANG_WARN_SUSPICIOUS_MOVE = YES;
				CLANG_WARN_UNGUARDED_AVAILABILITY = YES_AGGRESSIVE;
				CLANG_WARN_UNREACHABLE_CODE = YES;
				CLANG_WARN__DUPLICATE_METHOD_MATCH = YES;
				COPY_PHASE_STRIP = NO;
				DEBUG_INFORMATION_FORMAT = dwarf;
				ENABLE_STRICT_OBJC_MSGSEND = YES;
				ENABLE_TESTABILITY = YES;
				GCC_C_LANGUAGE_STANDARD = gnu11;
				GCC_DYNAMIC_NO_PIC = NO;
				GCC_NO_COMMON_BLOCKS = YES;
				GCC_OPTIMIZATION_LEVEL = 0;
				GCC_PREPROCESSOR_DEFINITIONS = (
					"DEBUG=1",
					"$(inherited)",
				);
				GCC_WARN_64_TO_32_BIT_CONVERSION = YES;
				GCC_WARN_ABOUT_RETURN_TYPE = YES_ERROR;
				GCC_WARN_UNDECLARED_SELECTOR = YES;
				GCC_WARN_UNINITIALIZED_AUTOS = YES_AGGRESSIVE;
				GCC_WARN_UNUSED_FUNCTION = YES;
				GCC_WARN_UNUSED_VARIABLE = YES;
				IPHONEOS_DEPLOYMENT_TARGET = 16.4;
				MTL_ENABLE_DEBUG_INFO = INCLUDE_SOURCE;
				MTL_FAST_MATH = YES;
				ONLY_ACTIVE_ARCH = YES;
				SDKROOT = iphoneos;
				SWIFT_ACTIVE_COMPILATION_CONDITIONS = DEBUG;
				SWIFT_OPTIMIZATION_LEVEL = "-Onone";
			};
			name = Debug;
		};
		864D94D62AD99D8300F76C79 /* Release */ = {
			isa = XCBuildConfiguration;
			buildSettings = {
				ALWAYS_SEARCH_USER_PATHS = NO;
				CLANG_ANALYZER_NONNULL = YES;
				CLANG_ANALYZER_NUMBER_OBJECT_CONVERSION = YES_AGGRESSIVE;
				CLANG_CXX_LANGUAGE_STANDARD = "gnu++20";
				CLANG_ENABLE_MODULES = YES;
				CLANG_ENABLE_OBJC_ARC = YES;
				CLANG_ENABLE_OBJC_WEAK = YES;
				CLANG_WARN_BLOCK_CAPTURE_AUTORELEASING = YES;
				CLANG_WARN_BOOL_CONVERSION = YES;
				CLANG_WARN_COMMA = YES;
				CLANG_WARN_CONSTANT_CONVERSION = YES;
				CLANG_WARN_DEPRECATED_OBJC_IMPLEMENTATIONS = YES;
				CLANG_WARN_DIRECT_OBJC_ISA_USAGE = YES_ERROR;
				CLANG_WARN_DOCUMENTATION_COMMENTS = YES;
				CLANG_WARN_EMPTY_BODY = YES;
				CLANG_WARN_ENUM_CONVERSION = YES;
				CLANG_WARN_INFINITE_RECURSION = YES;
				CLANG_WARN_INT_CONVERSION = YES;
				CLANG_WARN_NON_LITERAL_NULL_CONVERSION = YES;
				CLANG_WARN_OBJC_IMPLICIT_RETAIN_SELF = YES;
				CLANG_WARN_OBJC_LITERAL_CONVERSION = YES;
				CLANG_WARN_OBJC_ROOT_CLASS = YES_ERROR;
				CLANG_WARN_QUOTED_INCLUDE_IN_FRAMEWORK_HEADER = YES;
				CLANG_WARN_RANGE_LOOP_ANALYSIS = YES;
				CLANG_WARN_STRICT_PROTOTYPES = YES;
				CLANG_WARN_SUSPICIOUS_MOVE = YES;
				CLANG_WARN_UNGUARDED_AVAILABILITY = YES_AGGRESSIVE;
				CLANG_WARN_UNREACHABLE_CODE = YES;
				CLANG_WARN__DUPLICATE_METHOD_MATCH = YES;
				COPY_PHASE_STRIP = NO;
				DEBUG_INFORMATION_FORMAT = "dwarf-with-dsym";
				ENABLE_NS_ASSERTIONS = NO;
				ENABLE_STRICT_OBJC_MSGSEND = YES;
				GCC_C_LANGUAGE_STANDARD = gnu11;
				GCC_NO_COMMON_BLOCKS = YES;
				GCC_WARN_64_TO_32_BIT_CONVERSION = YES;
				GCC_WARN_ABOUT_RETURN_TYPE = YES_ERROR;
				GCC_WARN_UNDECLARED_SELECTOR = YES;
				GCC_WARN_UNINITIALIZED_AUTOS = YES_AGGRESSIVE;
				GCC_WARN_UNUSED_FUNCTION = YES;
				GCC_WARN_UNUSED_VARIABLE = YES;
				IPHONEOS_DEPLOYMENT_TARGET = 16.4;
				MTL_ENABLE_DEBUG_INFO = NO;
				MTL_FAST_MATH = YES;
				SDKROOT = iphoneos;
				SWIFT_COMPILATION_MODE = wholemodule;
				SWIFT_OPTIMIZATION_LEVEL = "-O";
				VALIDATE_PRODUCT = YES;
			};
			name = Release;
		};
		864D94D82AD99D8300F76C79 /* Debug */ = {
			isa = XCBuildConfiguration;
			buildSettings = {
				ASSETCATALOG_COMPILER_APPICON_NAME = AppIcon;
				ASSETCATALOG_COMPILER_GLOBAL_ACCENT_COLOR_NAME = AccentColor;
				CODE_SIGN_STYLE = Automatic;
				CURRENT_PROJECT_VERSION = 1;
				DEVELOPMENT_ASSET_PATHS = "\"maobi/Preview Content\"";
				ENABLE_PREVIEWS = YES;
				GENERATE_INFOPLIST_FILE = YES;
				INFOPLIST_KEY_UIApplicationSceneManifest_Generation = YES;
				INFOPLIST_KEY_UIApplicationSupportsIndirectInputEvents = YES;
				INFOPLIST_KEY_UILaunchScreen_Generation = YES;
				INFOPLIST_KEY_UISupportedInterfaceOrientations_iPad = "UIInterfaceOrientationPortrait UIInterfaceOrientationPortraitUpsideDown UIInterfaceOrientationLandscapeLeft UIInterfaceOrientationLandscapeRight";
				INFOPLIST_KEY_UISupportedInterfaceOrientations_iPhone = "UIInterfaceOrientationPortrait UIInterfaceOrientationLandscapeLeft UIInterfaceOrientationLandscapeRight";
				LD_RUNPATH_SEARCH_PATHS = (
					"$(inherited)",
					"@executable_path/Frameworks",
				);
				MARKETING_VERSION = 1.0;
				PRODUCT_BUNDLE_IDENTIFIER = orgid.maobi;
				PRODUCT_NAME = "$(TARGET_NAME)";
				SWIFT_EMIT_LOC_STRINGS = YES;
				SWIFT_VERSION = 5.0;
				TARGETED_DEVICE_FAMILY = "1,2";
			};
			name = Debug;
		};
		864D94D92AD99D8300F76C79 /* Release */ = {
			isa = XCBuildConfiguration;
			buildSettings = {
				ASSETCATALOG_COMPILER_APPICON_NAME = AppIcon;
				ASSETCATALOG_COMPILER_GLOBAL_ACCENT_COLOR_NAME = AccentColor;
				CODE_SIGN_STYLE = Automatic;
				CURRENT_PROJECT_VERSION = 1;
				DEVELOPMENT_ASSET_PATHS = "\"maobi/Preview Content\"";
				ENABLE_PREVIEWS = YES;
				GENERATE_INFOPLIST_FILE = YES;
				INFOPLIST_KEY_UIApplicationSceneManifest_Generation = YES;
				INFOPLIST_KEY_UIApplicationSupportsIndirectInputEvents = YES;
				INFOPLIST_KEY_UILaunchScreen_Generation = YES;
				INFOPLIST_KEY_UISupportedInterfaceOrientations_iPad = "UIInterfaceOrientationPortrait UIInterfaceOrientationPortraitUpsideDown UIInterfaceOrientationLandscapeLeft UIInterfaceOrientationLandscapeRight";
				INFOPLIST_KEY_UISupportedInterfaceOrientations_iPhone = "UIInterfaceOrientationPortrait UIInterfaceOrientationLandscapeLeft UIInterfaceOrientationLandscapeRight";
				LD_RUNPATH_SEARCH_PATHS = (
					"$(inherited)",
					"@executable_path/Frameworks",
				);
				MARKETING_VERSION = 1.0;
				PRODUCT_BUNDLE_IDENTIFIER = orgid.maobi;
				PRODUCT_NAME = "$(TARGET_NAME)";
				SWIFT_EMIT_LOC_STRINGS = YES;
				SWIFT_VERSION = 5.0;
				TARGETED_DEVICE_FAMILY = "1,2";
			};
			name = Release;
		};
/* End XCBuildConfiguration section */

/* Begin XCConfigurationList section */
		864D94BF2AD99D8100F76C79 /* Build configuration list for PBXProject "maobi" */ = {
			isa = XCConfigurationList;
			buildConfigurations = (
				864D94D52AD99D8300F76C79 /* Debug */,
				864D94D62AD99D8300F76C79 /* Release */,
			);
			defaultConfigurationIsVisible = 0;
			defaultConfigurationName = Release;
		};
		864D94D72AD99D8300F76C79 /* Build configuration list for PBXNativeTarget "maobi" */ = {
			isa = XCConfigurationList;
			buildConfigurations = (
				864D94D82AD99D8300F76C79 /* Debug */,
				864D94D92AD99D8300F76C79 /* Release */,
			);
			defaultConfigurationIsVisible = 0;
			defaultConfigurationName = Release;
		};
/* End XCConfigurationList section */

/* Begin XCRemoteSwiftPackageReference section */
		864D94DA2AD9A9C700F76C79 /* XCRemoteSwiftPackageReference "SVGPath" */ = {
			isa = XCRemoteSwiftPackageReference;
			repositoryURL = "https://github.com/nicklockwood/SVGPath.git";
			requirement = {
				kind = upToNextMajorVersion;
				minimumVersion = 1.0.0;
			};
		};
		86E231922AD9E17300785AEC /* XCRemoteSwiftPackageReference "SwiftSVG" */ = {
			isa = XCRemoteSwiftPackageReference;
			repositoryURL = "https://github.com/mchoe/SwiftSVG";
			requirement = {
				branch = master;
				kind = branch;
			};
		};
/* End XCRemoteSwiftPackageReference section */

/* Begin XCSwiftPackageProductDependency section */
		864D94DB2AD9A9C700F76C79 /* SVGPath */ = {
			isa = XCSwiftPackageProductDependency;
			package = 864D94DA2AD9A9C700F76C79 /* XCRemoteSwiftPackageReference "SVGPath" */;
			productName = SVGPath;
		};
		86E231932AD9E17300785AEC /* SwiftSVG */ = {
			isa = XCSwiftPackageProductDependency;
			package = 86E231922AD9E17300785AEC /* XCRemoteSwiftPackageReference "SwiftSVG" */;
			productName = SwiftSVG;
		};
/* End XCSwiftPackageProductDependency section */

/* Begin XCVersionGroup section */
		864D94D22AD99D8300F76C79 /* maobi.xcdatamodeld */ = {
			isa = XCVersionGroup;
			children = (
				864D94D32AD99D8300F76C79 /* maobi.xcdatamodel */,
			);
			currentVersion = 864D94D32AD99D8300F76C79 /* maobi.xcdatamodel */;
			path = maobi.xcdatamodeld;
			sourceTree = "<group>";
			versionGroupType = wrapper.xcdatamodel;
		};
/* End XCVersionGroup section */
	};
	rootObject = 864D94BC2AD99D8100F76C79 /* Project object */;
}
